
Microsoft Visual Studio Solution File, Format Version 12.00
# Visual Studio 15
VisualStudioVersion = 15.0.27130.2036
MinimumVisualStudioVersion = 10.0.40219.1
Project("{FAE04EC0-301F-11D3-BF4B-00C04F79EFBC}") = "TcpGateway", "TcpGateway\TcpGateway.csproj", "{5365CE4D-F890-4498-951A-4FC7F6E2C491}"
EndProject
Project("{FAE04EC0-301F-11D3-BF4B-00C04F79EFBC}") = "Configuration", "Configuration\Configuration.csproj", "{6D1AAD2A-D6E0-4BA2-BFAC-2FAD6D78DC2F}"
EndProject
Project("{FAE04EC0-301F-11D3-BF4B-00C04F79EFBC}") = "Contract", "Contract\Contract.csproj", "{94BA7813-1F44-4259-8468-A7315A1C4618}"
EndProject
Project("{FAE04EC0-301F-11D3-BF4B-00C04F79EFBC}") = "OrderService", "OrderService\OrderService.csproj", "{2425701F-E0C0-4F57-A5EE-93BC25D58146}"
EndProject
Project("{FAE04EC0-301F-11D3-BF4B-00C04F79EFBC}") = "PrenoteService", "PrenoteService\PrenoteService.csproj", "{77F30934-3E36-4D32-98A4-08A37A5F1A86}"
EndProject
Global
	GlobalSection(SolutionConfigurationPlatforms) = preSolution
		Debug|Any CPU = Debug|Any CPU
		Release|Any CPU = Release|Any CPU
	EndGlobalSection
	GlobalSection(ProjectConfigurationPlatforms) = postSolution
		{5365CE4D-F890-4498-951A-4FC7F6E2C491}.Debug|Any CPU.ActiveCfg = Debug|Any CPU
		{5365CE4D-F890-4498-951A-4FC7F6E2C491}.Debug|Any CPU.Build.0 = Debug|Any CPU
		{5365CE4D-F890-4498-951A-4FC7F6E2C491}.Release|Any CPU.ActiveCfg = Release|Any CPU
		{5365CE4D-F890-4498-951A-4FC7F6E2C491}.Release|Any CPU.Build.0 = Release|Any CPU
		{6D1AAD2A-D6E0-4BA2-BFAC-2FAD6D78DC2F}.Debug|Any CPU.ActiveCfg = Debug|Any CPU
		{6D1AAD2A-D6E0-4BA2-BFAC-2FAD6D78DC2F}.Debug|Any CPU.Build.0 = Debug|Any CPU
		{6D1AAD2A-D6E0-4BA2-BFAC-2FAD6D78DC2F}.Release|Any CPU.ActiveCfg = Release|Any CPU
		{6D1AAD2A-D6E0-4BA2-BFAC-2FAD6D78DC2F}.Release|Any CPU.Build.0 = Release|Any CPU
		{94BA7813-1F44-4259-8468-A7315A1C4618}.Debug|Any CPU.ActiveCfg = Debug|Any CPU
		{94BA7813-1F44-4259-8468-A7315A1C4618}.Debug|Any CPU.Build.0 = Debug|Any CPU
		{94BA7813-1F44-4259-8468-A7315A1C4618}.Release|Any CPU.ActiveCfg = Release|Any CPU
		{94BA7813-1F44-4259-8468-A7315A1C4618}.Release|Any CPU.Build.0 = Release|Any CPU
		{2425701F-E0C0-4F57-A5EE-93BC25D58146}.Debug|Any CPU.ActiveCfg = Debug|Any CPU
		{2425701F-E0C0-4F57-A5EE-93BC25D58146}.Debug|Any CPU.Build.0 = Debug|Any CPU
		{2425701F-E0C0-4F57-A5EE-93BC25D58146}.Release|Any CPU.ActiveCfg = Release|Any CPU
		{2425701F-E0C0-4F57-A5EE-93BC25D58146}.Release|Any CPU.Build.0 = Release|Any CPU
		{77F30934-3E36-4D32-98A4-08A37A5F1A86}.Debug|Any CPU.ActiveCfg = Debug|Any CPU
		{77F30934-3E36-4D32-98A4-08A37A5F1A86}.Debug|Any CPU.Build.0 = Debug|Any CPU
		{77F30934-3E36-4D32-98A4-08A37A5F1A86}.Release|Any CPU.ActiveCfg = Release|Any CPU
		{77F30934-3E36-4D32-98A4-08A37A5F1A86}.Release|Any CPU.Build.0 = Release|Any CPU
	EndGlobalSection
	GlobalSection(SolutionProperties) = preSolution
		HideSolutionNode = FALSE
	EndGlobalSection
	GlobalSection(ExtensibilityGlobals) = postSolution
		SolutionGuid = {CE11C65F-54C7-41E0-A842-8DA2173759AB}
	EndGlobalSection
EndGlobal
